
Microsoft Visual Studio Solution File, Format Version 12.00
# Visual Studio Version 17
VisualStudioVersion = 17.2.32314.265
MinimumVisualStudioVersion = 10.0.40219.1
Project("{FAE04EC0-301F-11D3-BF4B-00C04F79EFBC}") = "check1", "check1\check1.csproj", "{F604DAF3-CFCC-4ED8-BFC0-198268804A05}"
EndProject
Global
	GlobalSection(SolutionConfigurationPlatforms) = preSolution
		Debug|Any CPU = Debug|Any CPU
		Release|Any CPU = Release|Any CPU
	EndGlobalSection
	GlobalSection(ProjectConfigurationPlatforms) = postSolution
		{F604DAF3-CFCC-4ED8-BFC0-198268804A05}.Debug|Any CPU.ActiveCfg = Debug|Any CPU
		{F604DAF3-CFCC-4ED8-BFC0-198268804A05}.Debug|Any CPU.Build.0 = Debug|Any CPU
		{F604DAF3-CFCC-4ED8-BFC0-198268804A05}.Release|Any CPU.ActiveCfg = Release|Any CPU
		{F604DAF3-CFCC-4ED8-BFC0-198268804A05}.Release|Any CPU.Build.0 = Release|Any CPU
	EndGlobalSection
	GlobalSection(SolutionProperties) = preSolution
		HideSolutionNode = FALSE
	EndGlobalSection
	GlobalSection(ExtensibilityGlobals) = postSolution
		SolutionGuid = {4B24D9AC-27F8-4B3D-BEC2-89A551C47C26}
	EndGlobalSection
EndGlobal
